
Microsoft Visual Studio Solution File, Format Version 12.00
# Visual Studio Version 17
VisualStudioVersion = 17.9.34616.47
MinimumVisualStudioVersion = 10.0.40219.1
Project("{9A19103F-16F7-4668-BE54-9A1E7A4F7556}") = "CS_Discord_Bot", "CS_Discord_Bot\CS_Discord_Bot.csproj", "{87F34B0D-E182-45E3-BD37-E48A8978D2B1}"
EndProject
Global
	GlobalSection(SolutionConfigurationPlatforms) = preSolution
		Debug|Any CPU = Debug|Any CPU
		Debug|x64 = Debug|x64
		Release|Any CPU = Release|Any CPU
		Release|x64 = Release|x64
	EndGlobalSection
	GlobalSection(ProjectConfigurationPlatforms) = postSolution
		{87F34B0D-E182-45E3-BD37-E48A8978D2B1}.Debug|Any CPU.ActiveCfg = Debug|Any CPU
		{87F34B0D-E182-45E3-BD37-E48A8978D2B1}.Debug|Any CPU.Build.0 = Debug|Any CPU
		{87F34B0D-E182-45E3-BD37-E48A8978D2B1}.Debug|x64.ActiveCfg = Debug|x64
		{87F34B0D-E182-45E3-BD37-E48A8978D2B1}.Debug|x64.Build.0 = Debug|x64
		{87F34B0D-E182-45E3-BD37-E48A8978D2B1}.Release|Any CPU.ActiveCfg = Release|Any CPU
		{87F34B0D-E182-45E3-BD37-E48A8978D2B1}.Release|Any CPU.Build.0 = Release|Any CPU
		{87F34B0D-E182-45E3-BD37-E48A8978D2B1}.Release|x64.ActiveCfg = Release|x64
		{87F34B0D-E182-45E3-BD37-E48A8978D2B1}.Release|x64.Build.0 = Release|x64
	EndGlobalSection
	GlobalSection(SolutionProperties) = preSolution
		HideSolutionNode = FALSE
	EndGlobalSection
	GlobalSection(ExtensibilityGlobals) = postSolution
		SolutionGuid = {403D2335-C5B3-4D88-BFF6-536197399315}
	EndGlobalSection
EndGlobal
